
Microsoft Visual Studio Solution File, Format Version 12.00
# Visual Studio Version 17
VisualStudioVersion = 17.9.34728.123
MinimumVisualStudioVersion = 10.0.40219.1
Project("{FAE04EC0-301F-11D3-BF4B-00C04F79EFBC}") = "20.05.2024", "20.05.2024.csproj", "{63D0A521-3F5C-4DCF-B7C0-19ADF20E5591}"
EndProject
Global
	GlobalSection(SolutionConfigurationPlatforms) = preSolution
		Debug|Any CPU = Debug|Any CPU
		Release|Any CPU = Release|Any CPU
	EndGlobalSection
	GlobalSection(ProjectConfigurationPlatforms) = postSolution
		{63D0A521-3F5C-4DCF-B7C0-19ADF20E5591}.Debug|Any CPU.ActiveCfg = Debug|Any CPU
		{63D0A521-3F5C-4DCF-B7C0-19ADF20E5591}.Debug|Any CPU.Build.0 = Debug|Any CPU
		{63D0A521-3F5C-4DCF-B7C0-19ADF20E5591}.Release|Any CPU.ActiveCfg = Release|Any CPU
		{63D0A521-3F5C-4DCF-B7C0-19ADF20E5591}.Release|Any CPU.Build.0 = Release|Any CPU
	EndGlobalSection
	GlobalSection(SolutionProperties) = preSolution
		HideSolutionNode = FALSE
	EndGlobalSection
	GlobalSection(ExtensibilityGlobals) = postSolution
		SolutionGuid = {8387160A-D489-45D9-BEBA-528BEB8AAA06}
	EndGlobalSection
EndGlobal
